
Microsoft Visual Studio Solution File, Format Version 12.00
# Visual Studio Version 17
VisualStudioVersion = 17.2.32630.192
MinimumVisualStudioVersion = 10.0.40219.1
Project("{FAE04EC0-301F-11D3-BF4B-00C04F79EFBC}") = "EBookReader", "EBookReader\EBookReader.csproj", "{BE8704F8-56DC-401B-914B-9B433DF07B82}"
EndProject
Global
	GlobalSection(SolutionConfigurationPlatforms) = preSolution
		Debug|Any CPU = Debug|Any CPU
		Release|Any CPU = Release|Any CPU
	EndGlobalSection
	GlobalSection(ProjectConfigurationPlatforms) = postSolution
		{BE8704F8-56DC-401B-914B-9B433DF07B82}.Debug|Any CPU.ActiveCfg = Debug|Any CPU
		{BE8704F8-56DC-401B-914B-9B433DF07B82}.Debug|Any CPU.Build.0 = Debug|Any CPU
		{BE8704F8-56DC-401B-914B-9B433DF07B82}.Release|Any CPU.ActiveCfg = Release|Any CPU
		{BE8704F8-56DC-401B-914B-9B433DF07B82}.Release|Any CPU.Build.0 = Release|Any CPU
	EndGlobalSection
	GlobalSection(SolutionProperties) = preSolution
		HideSolutionNode = FALSE
	EndGlobalSection
	GlobalSection(ExtensibilityGlobals) = postSolution
		SolutionGuid = {5280165F-9A99-4A93-AA5A-EB68FED6A8FC}
	EndGlobalSection
EndGlobal
